// !$*UTF8*$!
{
	archiveVersion = 1;
	classes = {
	};
	objectVersion = 48;
	objects = {

/* Begin PBXBuildFile section */
		983F4F5D1FEA433B00CB1C9C /* AppDelegate.m in Sources */ = {isa = PBXBuildFile; fileRef = 983F4F5C1FEA433B00CB1C9C /* AppDelegate.m */; };
		983F4F601FEA433B00CB1C9C /* ViewController.m in Sources */ = {isa = PBXBuildFile; fileRef = 983F4F5F1FEA433B00CB1C9C /* ViewController.m */; };
		983F4F631FEA433B00CB1C9C /* Main.storyboard in Resources */ = {isa = PBXBuildFile; fileRef = 983F4F611FEA433B00CB1C9C /* Main.storyboard */; };
		983F4F651FEA433B00CB1C9C /* Assets.xcassets in Resources */ = {isa = PBXBuildFile; fileRef = 983F4F641FEA433B00CB1C9C /* Assets.xcassets */; };
		983F4F681FEA433B00CB1C9C /* LaunchScreen.storyboard in Resources */ = {isa = PBXBuildFile; fileRef = 983F4F661FEA433B00CB1C9C /* LaunchScreen.storyboard */; };
		983F4F6B1FEA433B00CB1C9C /* main.m in Sources */ = {isa = PBXBuildFile; fileRef = 983F4F6A1FEA433B00CB1C9C /* main.m */; };
		983F4F751FEA433B00CB1C9C /* LocationNOtifiCentDemoTests.m in Sources */ = {isa = PBXBuildFile; fileRef = 983F4F741FEA433B00CB1C9C /* LocationNOtifiCentDemoTests.m */; };
		983F4F801FEA433B00CB1C9C /* LocationNOtifiCentDemoUITests.m in Sources */ = {isa = PBXBuildFile; fileRef = 983F4F7F1FEA433B00CB1C9C /* LocationNOtifiCentDemoUITests.m */; };
		983F4F901FEA450300CB1C9C /* TestViewController.m in Sources */ = {isa = PBXBuildFile; fileRef = 983F4F8F1FEA450300CB1C9C /* TestViewController.m */; };
/* End PBXBuildFile section */

/* Begin PBXContainerItemProxy section */
		983F4F711FEA433B00CB1C9C /* PBXContainerItemProxy */ = {
			isa = PBXContainerItemProxy;
			containerPortal = 983F4F501FEA433B00CB1C9C /* Project object */;
			proxyType = 1;
			remoteGlobalIDString = 983F4F571FEA433B00CB1C9C;
			remoteInfo = LocationNOtifiCentDemo;
		};
		983F4F7C1FEA433B00CB1C9C /* PBXContainerItemProxy */ = {
			isa = PBXContainerItemProxy;
			containerPortal = 983F4F501FEA433B00CB1C9C /* Project object */;
			proxyType = 1;
			remoteGlobalIDString = 983F4F571FEA433B00CB1C9C;
			remoteInfo = LocationNOtifiCentDemo;
		};
/* End PBXContainerItemProxy section */

/* Begin PBXFileReference section */
		983F4F581FEA433B00CB1C9C /* LocationNOtifiCentDemo.app */ = {isa = PBXFileReference; explicitFileType = wrapper.application; includeInIndex = 0; path = LocationNOtifiCentDemo.app; sourceTree = BUILT_PRODUCTS_DIR; };
		983F4F5B1FEA433B00CB1C9C /* AppDelegate.h */ = {isa = PBXFileReference; lastKnownFileType = sourcecode.c.h; path = AppDelegate.h; sourceTree = "<group>"; };
		983F4F5C1FEA433B00CB1C9C /* AppDelegate.m */ = {isa = PBXFileReference; lastKnownFileType = sourcecode.c.objc; path = AppDelegate.m; sourceTree = "<group>"; };
		983F4F5E1FEA433B00CB1C9C /* ViewController.h */ = {isa = PBXFileReference; lastKnownFileType = sourcecode.c.h; path = ViewController.h; sourceTree = "<group>"; };
		983F4F5F1FEA433B00CB1C9C /* ViewController.m */ = {isa = PBXFileReference; lastKnownFileType = sourcecode.c.objc; path = ViewController.m; sourceTree = "<group>"; };
		983F4F621FEA433B00CB1C9C /* Base */ = {isa = PBXFileReference; lastKnownFileType = file.storyboard; name = Base; path = Base.lproj/Main.storyboard; sourceTree = "<group>"; };
		983F4F641FEA433B00CB1C9C /* Assets.xcassets */ = {isa = PBXFileReference; lastKnownFileType = folder.assetcatalog; path = Assets.xcassets; sourceTree = "<group>"; };
		983F4F671FEA433B00CB1C9C /* Base */ = {isa = PBXFileReference; lastKnownFileType = file.storyboard; name = Base; path = Base.lproj/LaunchScreen.storyboard; sourceTree = "<group>"; };
		983F4F691FEA433B00CB1C9C /* Info.plist */ = {isa = PBXFileReference; lastKnownFileType = text.plist.xml; path = Info.plist; sourceTree = "<group>"; };
		983F4F6A1FEA433B00CB1C9C /* main.m */ = {isa = PBXFileReference; lastKnownFileType = sourcecode.c.objc; path = main.m; sourceTree = "<group>"; };
		983F4F701FEA433B00CB1C9C /* LocationNOtifiCentDemoTests.xctest */ = {isa = PBXFileReference; explicitFileType = wrapper.cfbundle; includeInIndex = 0; path = LocationNOtifiCentDemoTests.xctest; sourceTree = BUILT_PRODUCTS_DIR; };
		983F4F741FEA433B00CB1C9C /* LocationNOtifiCentDemoTests.m */ = {isa = PBXFileReference; lastKnownFileType = sourcecode.c.objc; path = LocationNOtifiCentDemoTests.m; sourceTree = "<group>"; };
		983F4F761FEA433B00CB1C9C /* Info.plist */ = {isa = PBXFileReference; lastKnownFileType = text.plist.xml; path = Info.plist; sourceTree = "<group>"; };
		983F4F7B1FEA433B00CB1C9C /* LocationNOtifiCentDemoUITests.xctest */ = {isa = PBXFileReference; explicitFileType = wrapper.cfbundle; includeInIndex = 0; path = LocationNOtifiCentDemoUITests.xctest; sourceTree = BUILT_PRODUCTS_DIR; };
		983F4F7F1FEA433B00CB1C9C /* LocationNOtifiCentDemoUITests.m */ = {isa = PBXFileReference; lastKnownFileType = sourcecode.c.objc; path = LocationNOtifiCentDemoUITests.m; sourceTree = "<group>"; };
		983F4F811FEA433B00CB1C9C /* Info.plist */ = {isa = PBXFileReference; lastKnownFileType = text.plist.xml; path = Info.plist; sourceTree = "<group>"; };
		983F4F8D1FEA43F100CB1C9C /* LocationNOtifiCentDemo.entitlements */ = {isa = PBXFileReference; lastKnownFileType = text.plist.entitlements; path = LocationNOtifiCentDemo.entitlements; sourceTree = "<group>"; };
		983F4F8E1FEA450300CB1C9C /* TestViewController.h */ = {isa = PBXFileReference; lastKnownFileType = sourcecode.c.h; path = TestViewController.h; sourceTree = "<group>"; };
		983F4F8F1FEA450300CB1C9C /* TestViewController.m */ = {isa = PBXFileReference; lastKnownFileType = sourcecode.c.objc; path = TestViewController.m; sourceTree = "<group>"; };
/* End PBXFileReference section */

/* Begin PBXFrameworksBuildPhase section */
		983F4F551FEA433B00CB1C9C /* Frameworks */ = {
			isa = PBXFrameworksBuildPhase;
			buildActionMask = 2147483647;
			files = (
			);
			runOnlyForDeploymentPostprocessing = 0;
		};
		983F4F6D1FEA433B00CB1C9C /* Frameworks */ = {
			isa = PBXFrameworksBuildPhase;
			buildActionMask = 2147483647;
			files = (
			);
			runOnlyForDeploymentPostprocessing = 0;
		};
		983F4F781FEA433B00CB1C9C /* Frameworks */ = {
			isa = PBXFrameworksBuildPhase;
			buildActionMask = 2147483647;
			files = (
			);
			runOnlyForDeploymentPostprocessing = 0;
		};
/* End PBXFrameworksBuildPhase section */

/* Begin PBXGroup section */
		983F4F4F1FEA433B00CB1C9C = {
			isa = PBXGroup;
			children = (
				983F4F5A1FEA433B00CB1C9C /* LocationNOtifiCentDemo */,
				983F4F731FEA433B00CB1C9C /* LocationNOtifiCentDemoTests */,
				983F4F7E1FEA433B00CB1C9C /* LocationNOtifiCentDemoUITests */,
				983F4F591FEA433B00CB1C9C /* Products */,
			);
			sourceTree = "<group>";
		};
		983F4F591FEA433B00CB1C9C /* Products */ = {
			isa = PBXGroup;
			children = (
				983F4F581FEA433B00CB1C9C /* LocationNOtifiCentDemo.app */,
				983F4F701FEA433B00CB1C9C /* LocationNOtifiCentDemoTests.xctest */,
				983F4F7B1FEA433B00CB1C9C /* LocationNOtifiCentDemoUITests.xctest */,
			);
			name = Products;
			sourceTree = "<group>";
		};
		983F4F5A1FEA433B00CB1C9C /* LocationNOtifiCentDemo */ = {
			isa = PBXGroup;
			children = (
				983F4F8D1FEA43F100CB1C9C /* LocationNOtifiCentDemo.entitlements */,
				983F4F5B1FEA433B00CB1C9C /* AppDelegate.h */,
				983F4F5C1FEA433B00CB1C9C /* AppDelegate.m */,
				983F4F5E1FEA433B00CB1C9C /* ViewController.h */,
				983F4F5F1FEA433B00CB1C9C /* ViewController.m */,
				983F4F8E1FEA450300CB1C9C /* TestViewController.h */,
				983F4F8F1FEA450300CB1C9C /* TestViewController.m */,
				983F4F611FEA433B00CB1C9C /* Main.storyboard */,
				983F4F641FEA433B00CB1C9C /* Assets.xcassets */,
				983F4F661FEA433B00CB1C9C /* LaunchScreen.storyboard */,
				983F4F691FEA433B00CB1C9C /* Info.plist */,
				983F4F6A1FEA433B00CB1C9C /* main.m */,
			);
			path = LocationNOtifiCentDemo;
			sourceTree = "<group>";
		};
		983F4F731FEA433B00CB1C9C /* LocationNOtifiCentDemoTests */ = {
			isa = PBXGroup;
			children = (
				983F4F741FEA433B00CB1C9C /* LocationNOtifiCentDemoTests.m */,
				983F4F761FEA433B00CB1C9C /* Info.plist */,
			);
			path = LocationNOtifiCentDemoTests;
			sourceTree = "<group>";
		};
		983F4F7E1FEA433B00CB1C9C /* LocationNOtifiCentDemoUITests */ = {
			isa = PBXGroup;
			children = (
				983F4F7F1FEA433B00CB1C9C /* LocationNOtifiCentDemoUITests.m */,
				983F4F811FEA433B00CB1C9C /* Info.plist */,
			);
			path = LocationNOtifiCentDemoUITests;
			sourceTree = "<group>";
		};
/* End PBXGroup section */

/* Begin PBXNativeTarget section */
		983F4F571FEA433B00CB1C9C /* LocationNOtifiCentDemo */ = {
			isa = PBXNativeTarget;
			buildConfigurationList = 983F4F841FEA433B00CB1C9C /* Build configuration list for PBXNativeTarget "LocationNOtifiCentDemo" */;
			buildPhases = (
				983F4F541FEA433B00CB1C9C /* Sources */,
				983F4F551FEA433B00CB1C9C /* Frameworks */,
				983F4F561FEA433B00CB1C9C /* Resources */,
			);
			buildRules = (
			);
			dependencies = (
			);
			name = LocationNOtifiCentDemo;
			productName = LocationNOtifiCentDemo;
			productReference = 983F4F581FEA433B00CB1C9C /* LocationNOtifiCentDemo.app */;
			productType = "com.apple.product-type.application";
		};
		983F4F6F1FEA433B00CB1C9C /* LocationNOtifiCentDemoTests */ = {
			isa = PBXNativeTarget;
			buildConfigurationList = 983F4F871FEA433B00CB1C9C /* Build configuration list for PBXNativeTarget "LocationNOtifiCentDemoTests" */;
			buildPhases = (
				983F4F6C1FEA433B00CB1C9C /* Sources */,
				983F4F6D1FEA433B00CB1C9C /* Frameworks */,
				983F4F6E1FEA433B00CB1C9C /* Resources */,
			);
			buildRules = (
			);
			dependencies = (
				983F4F721FEA433B00CB1C9C /* PBXTargetDependency */,
			);
			name = LocationNOtifiCentDemoTests;
			productName = LocationNOtifiCentDemoTests;
			productReference = 983F4F701FEA433B00CB1C9C /* LocationNOtifiCentDemoTests.xctest */;
			productType = "com.apple.product-type.bundle.unit-test";
		};
		983F4F7A1FEA433B00CB1C9C /* LocationNOtifiCentDemoUITests */ = {
			isa = PBXNativeTarget;
			buildConfigurationList = 983F4F8A1FEA433B00CB1C9C /* Build configuration list for PBXNativeTarget "LocationNOtifiCentDemoUITests" */;
			buildPhases = (
				983F4F771FEA433B00CB1C9C /* Sources */,
				983F4F781FEA433B00CB1C9C /* Frameworks */,
				983F4F791FEA433B00CB1C9C /* Resources */,
			);
			buildRules = (
			);
			dependencies = (
				983F4F7D1FEA433B00CB1C9C /* PBXTargetDependency */,
			);
			name = LocationNOtifiCentDemoUITests;
			productName = LocationNOtifiCentDemoUITests;
			productReference = 983F4F7B1FEA433B00CB1C9C /* LocationNOtifiCentDemoUITests.xctest */;
			productType = "com.apple.product-type.bundle.ui-testing";
		};
/* End PBXNativeTarget section */

/* Begin PBXProject section */
		983F4F501FEA433B00CB1C9C /* Project object */ = {
			isa = PBXProject;
			attributes = {
				LastUpgradeCheck = 0900;
				ORGANIZATIONNAME = YST;
				TargetAttributes = {
					983F4F571FEA433B00CB1C9C = {
						CreatedOnToolsVersion = 9.0;
						ProvisioningStyle = Automatic;
						SystemCapabilities = {
							com.apple.Push = {
								enabled = 1;
							};
						};
					};
					983F4F6F1FEA433B00CB1C9C = {
						CreatedOnToolsVersion = 9.0;
						ProvisioningStyle = Automatic;
						TestTargetID = 983F4F571FEA433B00CB1C9C;
					};
					983F4F7A1FEA433B00CB1C9C = {
						CreatedOnToolsVersion = 9.0;
						ProvisioningStyle = Automatic;
						TestTargetID = 983F4F571FEA433B00CB1C9C;
					};
				};
			};
			buildConfigurationList = 983F4F531FEA433B00CB1C9C /* Build configuration list for PBXProject "LocationNOtifiCentDemo" */;
			compatibilityVersion = "Xcode 8.0";
			developmentRegion = en;
			hasScannedForEncodings = 0;
			knownRegions = (
				en,
				Base,
			);
			mainGroup = 983F4F4F1FEA433B00CB1C9C;
			productRefGroup = 983F4F591FEA433B00CB1C9C /* Products */;
			projectDirPath = "";
			projectRoot = "";
			targets = (
				983F4F571FEA433B00CB1C9C /* LocationNOtifiCentDemo */,
				983F4F6F1FEA433B00CB1C9C /* LocationNOtifiCentDemoTests */,
				983F4F7A1FEA433B00CB1C9C /* LocationNOtifiCentDemoUITests */,
			);
		};
/* End PBXProject section */

/* Begin PBXResourcesBuildPhase section */
		983F4F561FEA433B00CB1C9C /* Resources */ = {
			isa = PBXResourcesBuildPhase;
			buildActionMask = 2147483647;
			files = (
				983F4F681FEA433B00CB1C9C /* LaunchScreen.storyboard in Resources */,
				983F4F651FEA433B00CB1C9C /* Assets.xcassets in Resources */,
				983F4F631FEA433B00CB1C9C /* Main.storyboard in Resources */,
			);
			runOnlyForDeploymentPostprocessing = 0;
		};
		983F4F6E1FEA433B00CB1C9C /* Resources */ = {
			isa = PBXResourcesBuildPhase;
			buildActionMask = 2147483647;
			files = (
			);
			runOnlyForDeploymentPostprocessing = 0;
		};
		983F4F791FEA433B00CB1C9C /* Resources */ = {
			isa = PBXResourcesBuildPhase;
			buildActionMask = 2147483647;
			files = (
			);
			runOnlyForDeploymentPostprocessing = 0;
		};
/* End PBXResourcesBuildPhase section */

/* Begin PBXSourcesBuildPhase section */
		983F4F541FEA433B00CB1C9C /* Sources */ = {
			isa = PBXSourcesBuildPhase;
			buildActionMask = 2147483647;
			files = (
				983F4F601FEA433B00CB1C9C /* ViewController.m in Sources */,
				983F4F6B1FEA433B00CB1C9C /* main.m in Sources */,
				983F4F901FEA450300CB1C9C /* TestViewController.m in Sources */,
				983F4F5D1FEA433B00CB1C9C /* AppDelegate.m in Sources */,
			);
			runOnlyForDeploymentPostprocessing = 0;
		};
		983F4F6C1FEA433B00CB1C9C /* Sources */ = {
			isa = PBXSourcesBuildPhase;
			buildActionMask = 2147483647;
			files = (
				983F4F751FEA433B00CB1C9C /* LocationNOtifiCentDemoTests.m in Sources */,
			);
			runOnlyForDeploymentPostprocessing = 0;
		};
		983F4F771FEA433B00CB1C9C /* Sources */ = {
			isa = PBXSourcesBuildPhase;
			buildActionMask = 2147483647;
			files = (
				983F4F801FEA433B00CB1C9C /* LocationNOtifiCentDemoUITests.m in Sources */,
			);
			runOnlyForDeploymentPostprocessing = 0;
		};
/* End PBXSourcesBuildPhase section */

/* Begin PBXTargetDependency section */
		983F4F721FEA433B00CB1C9C /* PBXTargetDependency */ = {
			isa = PBXTargetDependency;
			target = 983F4F571FEA433B00CB1C9C /* LocationNOtifiCentDemo */;
			targetProxy = 983F4F711FEA433B00CB1C9C /* PBXContainerItemProxy */;
		};
		983F4F7D1FEA433B00CB1C9C /* PBXTargetDependency */ = {
			isa = PBXTargetDependency;
			target = 983F4F571FEA433B00CB1C9C /* LocationNOtifiCentDemo */;
			targetProxy = 983F4F7C1FEA433B00CB1C9C /* PBXContainerItemProxy */;
		};
/* End PBXTargetDependency section */

/* Begin PBXVariantGroup section */
		983F4F611FEA433B00CB1C9C /* Main.storyboard */ = {
			isa = PBXVariantGroup;
			children = (
				983F4F621FEA433B00CB1C9C /* Base */,
			);
			name = Main.storyboard;
			sourceTree = "<group>";
		};
		983F4F661FEA433B00CB1C9C /* LaunchScreen.storyboard */ = {
			isa = PBXVariantGroup;
			children = (
				983F4F671FEA433B00CB1C9C /* Base */,
			);
			name = LaunchScreen.storyboard;
			sourceTree = "<group>";
		};
/* End PBXVariantGroup section */

/* Begin XCBuildConfiguration section */
		983F4F821FEA433B00CB1C9C /* Debug */ = {
			isa = XCBuildConfiguration;
			buildSettings = {
				ALWAYS_SEARCH_USER_PATHS = NO;
				CLANG_ANALYZER_NONNULL = YES;
				CLANG_ANALYZER_NUMBER_OBJECT_CONVERSION = YES_AGGRESSIVE;
				CLANG_CXX_LANGUAGE_STANDARD = "gnu++14";
				CLANG_CXX_LIBRARY = "libc++";
				CLANG_ENABLE_MODULES = YES;
				CLANG_ENABLE_OBJC_ARC = YES;
				CLANG_WARN_BLOCK_CAPTURE_AUTORELEASING = YES;
				CLANG_WARN_BOOL_CONVERSION = YES;
				CLANG_WARN_COMMA = YES;
				CLANG_WARN_CONSTANT_CONVERSION = YES;
				CLANG_WARN_DIRECT_OBJC_ISA_USAGE = YES_ERROR;
				CLANG_WARN_DOCUMENTATION_COMMENTS = YES;
				CLANG_WARN_EMPTY_BODY = YES;
				CLANG_WARN_ENUM_CONVERSION = YES;
				CLANG_WARN_INFINITE_RECURSION = YES;
				CLANG_WARN_INT_CONVERSION = YES;
				CLANG_WARN_NON_LITERAL_NULL_CONVERSION = YES;
				CLANG_WARN_OBJC_LITERAL_CONVERSION = YES;
				CLANG_WARN_OBJC_ROOT_CLASS = YES_ERROR;
				CLANG_WARN_RANGE_LOOP_ANALYSIS = YES;
				CLANG_WARN_STRICT_PROTOTYPES = YES;
				CLANG_WARN_SUSPICIOUS_MOVE = YES;
				CLANG_WARN_UNGUARDED_AVAILABILITY = YES_AGGRESSIVE;
				CLANG_WARN_UNREACHABLE_CODE = YES;
				CLANG_WARN__DUPLICATE_METHOD_MATCH = YES;
				CODE_SIGN_IDENTITY = "iPhone Developer";
				COPY_PHASE_STRIP = NO;
				DEBUG_INFORMATION_FORMAT = dwarf;
				ENABLE_STRICT_OBJC_MSGSEND = YES;
				ENABLE_TESTABILITY = YES;
				GCC_C_LANGUAGE_STANDARD = gnu11;
				GCC_DYNAMIC_NO_PIC = NO;
				GCC_NO_COMMON_BLOCKS = YES;
				GCC_OPTIMIZATION_LEVEL = 0;
				GCC_PREPROCESSOR_DEFINITIONS = (
					"DEBUG=1",
					"$(inherited)",
				);
				GCC_WARN_64_TO_32_BIT_CONVERSION = YES;
				GCC_WARN_ABOUT_RETURN_TYPE = YES_ERROR;
				GCC_WARN_UNDECLARED_SELECTOR = YES;
				GCC_WARN_UNINITIALIZED_AUTOS = YES_AGGRESSIVE;
				GCC_WARN_UNUSED_FUNCTION = YES;
				GCC_WARN_UNUSED_VARIABLE = YES;
				IPHONEOS_DEPLOYMENT_TARGET = 11.0;
				MTL_ENABLE_DEBUG_INFO = YES;
				ONLY_ACTIVE_ARCH = YES;
				SDKROOT = iphoneos;
			};
			name = Debug;
		};
		983F4F831FEA433B00CB1C9C /* Release */ = {
			isa = XCBuildConfiguration;
			buildSettings = {
				ALWAYS_SEARCH_USER_PATHS = NO;
				CLANG_ANALYZER_NONNULL = YES;
				CLANG_ANALYZER_NUMBER_OBJECT_CONVERSION = YES_AGGRESSIVE;
				CLANG_CXX_LANGUAGE_STANDARD = "gnu++14";
				CLANG_CXX_LIBRARY = "libc++";
				CLANG_ENABLE_MODULES = YES;
				CLANG_ENABLE_OBJC_ARC = YES;
				CLANG_WARN_BLOCK_CAPTURE_AUTORELEASING = YES;
				CLANG_WARN_BOOL_CONVERSION = YES;
				CLANG_WARN_COMMA = YES;
				CLANG_WARN_CONSTANT_CONVERSION = YES;
				CLANG_WARN_DIRECT_OBJC_ISA_USAGE = YES_ERROR;
				CLANG_WARN_DOCUMENTATION_COMMENTS = YES;
				CLANG_WARN_EMPTY_BODY = YES;
				CLANG_WARN_ENUM_CONVERSION = YES;
				CLANG_WARN_INFINITE_RECURSION = YES;
				CLANG_WARN_INT_CONVERSION = YES;
				CLANG_WARN_NON_LITERAL_NULL_CONVERSION = YES;
				CLANG_WARN_OBJC_LITERAL_CONVERSION = YES;
				CLANG_WARN_OBJC_ROOT_CLASS = YES_ERROR;
				CLANG_WARN_RANGE_LOOP_ANALYSIS = YES;
				CLANG_WARN_STRICT_PROTOTYPES = YES;
				CLANG_WARN_SUSPICIOUS_MOVE = YES;
				CLANG_WARN_UNGUARDED_AVAILABILITY = YES_AGGRESSIVE;
				CLANG_WARN_UNREACHABLE_CODE = YES;
				CLANG_WARN__DUPLICATE_METHOD_MATCH = YES;
				CODE_SIGN_IDENTITY = "iPhone Developer";
				COPY_PHASE_STRIP = NO;
				DEBUG_INFORMATION_FORMAT = "dwarf-with-dsym";
				ENABLE_NS_ASSERTIONS = NO;
				ENABLE_STRICT_OBJC_MSGSEND = YES;
				GCC_C_LANGUAGE_STANDARD = gnu11;
				GCC_NO_COMMON_BLOCKS = YES;
				GCC_WARN_64_TO_32_BIT_CONVERSION = YES;
				GCC_WARN_ABOUT_RETURN_TYPE = YES_ERROR;
				GCC_WARN_UNDECLARED_SELECTOR = YES;
				GCC_WARN_UNINITIALIZED_AUTOS = YES_AGGRESSIVE;
				GCC_WARN_UNUSED_FUNCTION = YES;
				GCC_WARN_UNUSED_VARIABLE = YES;
				IPHONEOS_DEPLOYMENT_TARGET = 11.0;
				MTL_ENABLE_DEBUG_INFO = NO;
				SDKROOT = iphoneos;
				VALIDATE_PRODUCT = YES;
			};
			name = Release;
		};
		983F4F851FEA433B00CB1C9C /* Debug */ = {
			isa = XCBuildConfiguration;
			buildSettings = {
				ASSETCATALOG_COMPILER_APPICON_NAME = AppIcon;
				CODE_SIGN_ENTITLEMENTS = LocationNOtifiCentDemo/LocationNOtifiCentDemo.entitlements;
				CODE_SIGN_STYLE = Automatic;
				DEVELOPMENT_TEAM = 5CRL8ZT54A;
				INFOPLIST_FILE = LocationNOtifiCentDemo/Info.plist;
				LD_RUNPATH_SEARCH_PATHS = "$(inherited) @executable_path/Frameworks";
				PRODUCT_BUNDLE_IDENTIFIER = com.shantaoIOS.LocationNOtifiCentDemo;
				PRODUCT_NAME = "$(TARGET_NAME)";
				TARGETED_DEVICE_FAMILY = "1,2";
			};
			name = Debug;
		};
		983F4F861FEA433B00CB1C9C /* Release */ = {
			isa = XCBuildConfiguration;
			buildSettings = {
				ASSETCATALOG_COMPILER_APPICON_NAME = AppIcon;
				CODE_SIGN_ENTITLEMENTS = LocationNOtifiCentDemo/LocationNOtifiCentDemo.entitlements;
				CODE_SIGN_STYLE = Automatic;
				DEVELOPMENT_TEAM = 5CRL8ZT54A;
				INFOPLIST_FILE = LocationNOtifiCentDemo/Info.plist;
				LD_RUNPATH_SEARCH_PATHS = "$(inherited) @executable_path/Frameworks";
				PRODUCT_BUNDLE_IDENTIFIER = com.shantaoIOS.LocationNOtifiCentDemo;
				PRODUCT_NAME = "$(TARGET_NAME)";
				TARGETED_DEVICE_FAMILY = "1,2";
			};
			name = Release;
		};
		983F4F881FEA433B00CB1C9C /* Debug */ = {
			isa = XCBuildConfiguration;
			buildSettings = {
				BUNDLE_LOADER = "$(TEST_HOST)";
				CODE_SIGN_STYLE = Automatic;
				INFOPLIST_FILE = LocationNOtifiCentDemoTests/Info.plist;
				LD_RUNPATH_SEARCH_PATHS = "$(inherited) @executable_path/Frameworks @loader_path/Frameworks";
				PRODUCT_BUNDLE_IDENTIFIER = com.shantaoIOS.LocationNOtifiCentDemoTests;
				PRODUCT_NAME = "$(TARGET_NAME)";
				TARGETED_DEVICE_FAMILY = "1,2";
				TEST_HOST = "$(BUILT_PRODUCTS_DIR)/LocationNOtifiCentDemo.app/LocationNOtifiCentDemo";
			};
			name = Debug;
		};
		983F4F891FEA433B00CB1C9C /* Release */ = {
			isa = XCBuildConfiguration;
			buildSettings = {
				BUNDLE_LOADER = "$(TEST_HOST)";
				CODE_SIGN_STYLE = Automatic;
				INFOPLIST_FILE = LocationNOtifiCentDemoTests/Info.plist;
				LD_RUNPATH_SEARCH_PATHS = "$(inherited) @executable_path/Frameworks @loader_path/Frameworks";
				PRODUCT_BUNDLE_IDENTIFIER = com.shantaoIOS.LocationNOtifiCentDemoTests;
				PRODUCT_NAME = "$(TARGET_NAME)";
				TARGETED_DEVICE_FAMILY = "1,2";
				TEST_HOST = "$(BUILT_PRODUCTS_DIR)/LocationNOtifiCentDemo.app/LocationNOtifiCentDemo";
			};
			name = Release;
		};
		983F4F8B1FEA433B00CB1C9C /* Debug */ = {
			isa = XCBuildConfiguration;
			buildSettings = {
				CODE_SIGN_STYLE = Automatic;
				INFOPLIST_FILE = LocationNOtifiCentDemoUITests/Info.plist;
				LD_RUNPATH_SEARCH_PATHS = "$(inherited) @executable_path/Frameworks @loader_path/Frameworks";
				PRODUCT_BUNDLE_IDENTIFIER = com.shantaoIOS.LocationNOtifiCentDemoUITests;
				PRODUCT_NAME = "$(TARGET_NAME)";
				TARGETED_DEVICE_FAMILY = "1,2";
				TEST_TARGET_NAME = LocationNOtifiCentDemo;
			};
			name = Debug;
		};
		983F4F8C1FEA433B00CB1C9C /* Release */ = {
			isa = XCBuildConfiguration;
			buildSettings = {
				CODE_SIGN_STYLE = Automatic;
				INFOPLIST_FILE = LocationNOtifiCentDemoUITests/Info.plist;
				LD_RUNPATH_SEARCH_PATHS = "$(inherited) @executable_path/Frameworks @loader_path/Frameworks";
				PRODUCT_BUNDLE_IDENTIFIER = com.shantaoIOS.LocationNOtifiCentDemoUITests;
				PRODUCT_NAME = "$(TARGET_NAME)";
				TARGETED_DEVICE_FAMILY = "1,2";
				TEST_TARGET_NAME = LocationNOtifiCentDemo;
			};
			name = Release;
		};
/* End XCBuildConfiguration section */

/* Begin XCConfigurationList section */
		983F4F531FEA433B00CB1C9C /* Build configuration list for PBXProject "LocationNOtifiCentDemo" */ = {
			isa = XCConfigurationList;
			buildConfigurations = (
				983F4F821FEA433B00CB1C9C /* Debug */,
				983F4F831FEA433B00CB1C9C /* Release */,
			);
			defaultConfigurationIsVisible = 0;
			defaultConfigurationName = Release;
		};
		983F4F841FEA433B00CB1C9C /* Build configuration list for PBXNativeTarget "LocationNOtifiCentDemo" */ = {
			isa = XCConfigurationList;
			buildConfigurations = (
				983F4F851FEA433B00CB1C9C /* Debug */,
				983F4F861FEA433B00CB1C9C /* Release */,
			);
			defaultConfigurationIsVisible = 0;
			defaultConfigurationName = Release;
		};
		983F4F871FEA433B00CB1C9C /* Build configuration list for PBXNativeTarget "LocationNOtifiCentDemoTests" */ = {
			isa = XCConfigurationList;
			buildConfigurations = (
				983F4F881FEA433B00CB1C9C /* Debug */,
				983F4F891FEA433B00CB1C9C /* Release */,
			);
			defaultConfigurationIsVisible = 0;
			defaultConfigurationName = Release;
		};
		983F4F8A1FEA433B00CB1C9C /* Build configuration list for PBXNativeTarget "LocationNOtifiCentDemoUITests" */ = {
			isa = XCConfigurationList;
			buildConfigurations = (
				983F4F8B1FEA433B00CB1C9C /* Debug */,
				983F4F8C1FEA433B00CB1C9C /* Release */,
			);
			defaultConfigurationIsVisible = 0;
			defaultConfigurationName = Release;
		};
/* End XCConfigurationList section */
	};
	rootObject = 983F4F501FEA433B00CB1C9C /* Project object */;
}
